
Microsoft Visual Studio Solution File, Format Version 12.00
# Visual Studio 15
VisualStudioVersion = 15.0.28307.102
MinimumVisualStudioVersion = 10.0.40219.1
Project("{FAE04EC0-301F-11D3-BF4B-00C04F79EFBC}") = "Image Downloader", "Image Downloader\Image Downloader.csproj", "{F171A4C8-E015-422A-B18D-07711661BF06}"
EndProject
Global
	GlobalSection(SolutionConfigurationPlatforms) = preSolution
		Debug|Any CPU = Debug|Any CPU
		Release|Any CPU = Release|Any CPU
	EndGlobalSection
	GlobalSection(ProjectConfigurationPlatforms) = postSolution
		{F171A4C8-E015-422A-B18D-07711661BF06}.Debug|Any CPU.ActiveCfg = Debug|Any CPU
		{F171A4C8-E015-422A-B18D-07711661BF06}.Debug|Any CPU.Build.0 = Debug|Any CPU
		{F171A4C8-E015-422A-B18D-07711661BF06}.Release|Any CPU.ActiveCfg = Release|Any CPU
		{F171A4C8-E015-422A-B18D-07711661BF06}.Release|Any CPU.Build.0 = Release|Any CPU
	EndGlobalSection
	GlobalSection(SolutionProperties) = preSolution
		HideSolutionNode = FALSE
	EndGlobalSection
	GlobalSection(ExtensibilityGlobals) = postSolution
		SolutionGuid = {82E8E11C-9791-47CF-9188-76B1E00056A3}
	EndGlobalSection
EndGlobal
